// !$*UTF8*$!
{
	archiveVersion = 1;
	classes = {
	};
	objectVersion = 46;
	objects = {

/* Begin PBXBuildFile section */
		47D818101EB6CD5D00948CF0 /* AppDelegate.swift in Sources */ = {isa = PBXBuildFile; fileRef = 47D8180F1EB6CD5D00948CF0 /* AppDelegate.swift */; };
		47D818121EB6CD5D00948CF0 /* ViewController.swift in Sources */ = {isa = PBXBuildFile; fileRef = 47D818111EB6CD5D00948CF0 /* ViewController.swift */; };
		47D818151EB6CD5D00948CF0 /* Main.storyboard in Resources */ = {isa = PBXBuildFile; fileRef = 47D818131EB6CD5D00948CF0 /* Main.storyboard */; };
		47D818171EB6CD5D00948CF0 /* Assets.xcassets in Resources */ = {isa = PBXBuildFile; fileRef = 47D818161EB6CD5D00948CF0 /* Assets.xcassets */; };
		47D8181A1EB6CD5D00948CF0 /* LaunchScreen.storyboard in Resources */ = {isa = PBXBuildFile; fileRef = 47D818181EB6CD5D00948CF0 /* LaunchScreen.storyboard */; };
/* End PBXBuildFile section */

/* Begin PBXFileReference section */
		47D8180C1EB6CD5D00948CF0 /* Health Care Near Me.app */ = {isa = PBXFileReference; explicitFileType = wrapper.application; includeInIndex = 0; path = "Health Care Near Me.app"; sourceTree = BUILT_PRODUCTS_DIR; };
		47D8180F1EB6CD5D00948CF0 /* AppDelegate.swift */ = {isa = PBXFileReference; lastKnownFileType = sourcecode.swift; path = AppDelegate.swift; sourceTree = "<group>"; };
		47D818111EB6CD5D00948CF0 /* ViewController.swift */ = {isa = PBXFileReference; lastKnownFileType = sourcecode.swift; path = ViewController.swift; sourceTree = "<group>"; };
		47D818141EB6CD5D00948CF0 /* Base */ = {isa = PBXFileReference; lastKnownFileType = file.storyboard; name = Base; path = Base.lproj/Main.storyboard; sourceTree = "<group>"; };
		47D818161EB6CD5D00948CF0 /* Assets.xcassets */ = {isa = PBXFileReference; lastKnownFileType = folder.assetcatalog; path = Assets.xcassets; sourceTree = "<group>"; };
		47D818191EB6CD5D00948CF0 /* Base */ = {isa = PBXFileReference; lastKnownFileType = file.storyboard; name = Base; path = Base.lproj/LaunchScreen.storyboard; sourceTree = "<group>"; };
		47D8181B1EB6CD5D00948CF0 /* Info.plist */ = {isa = PBXFileReference; lastKnownFileType = text.plist.xml; path = Info.plist; sourceTree = "<group>"; };
/* End PBXFileReference section */

/* Begin PBXFrameworksBuildPhase section */
		47D818091EB6CD5D00948CF0 /* Frameworks */ = {
			isa = PBXFrameworksBuildPhase;
			buildActionMask = 2147483647;
			files = (
			);
			runOnlyForDeploymentPostprocessing = 0;
		};
/* End PBXFrameworksBuildPhase section */

/* Begin PBXGroup section */
		47D818031EB6CD5D00948CF0 = {
			isa = PBXGroup;
			children = (
				47D8180E1EB6CD5D00948CF0 /* Health Care Near Me */,
				47D8180D1EB6CD5D00948CF0 /* Products */,
			);
			sourceTree = "<group>";
		};
		47D8180D1EB6CD5D00948CF0 /* Products */ = {
			isa = PBXGroup;
			children = (
				47D8180C1EB6CD5D00948CF0 /* Health Care Near Me.app */,
			);
			name = Products;
			sourceTree = "<group>";
		};
		47D8180E1EB6CD5D00948CF0 /* Health Care Near Me */ = {
			isa = PBXGroup;
			children = (
				47D8180F1EB6CD5D00948CF0 /* AppDelegate.swift */,
				47D818111EB6CD5D00948CF0 /* ViewController.swift */,
				47D818131EB6CD5D00948CF0 /* Main.storyboard */,
				47D818161EB6CD5D00948CF0 /* Assets.xcassets */,
				47D818181EB6CD5D00948CF0 /* LaunchScreen.storyboard */,
				47D8181B1EB6CD5D00948CF0 /* Info.plist */,
			);
			path = "Health Care Near Me";
			sourceTree = "<group>";
		};
/* End PBXGroup section */

/* Begin PBXNativeTarget section */
		47D8180B1EB6CD5D00948CF0 /* Health Care Near Me */ = {
			isa = PBXNativeTarget;
			buildConfigurationList = 47D8181E1EB6CD5D00948CF0 /* Build configuration list for PBXNativeTarget "Health Care Near Me" */;
			buildPhases = (
				47D818081EB6CD5D00948CF0 /* Sources */,
				47D818091EB6CD5D00948CF0 /* Frameworks */,
				47D8180A1EB6CD5D00948CF0 /* Resources */,
			);
			buildRules = (
			);
			dependencies = (
			);
			name = "Health Care Near Me";
			productName = "Health Care Near Me";
			productReference = 47D8180C1EB6CD5D00948CF0 /* Health Care Near Me.app */;
			productType = "com.apple.product-type.application";
		};
/* End PBXNativeTarget section */

/* Begin PBXProject section */
		47D818041EB6CD5D00948CF0 /* Project object */ = {
			isa = PBXProject;
			attributes = {
				LastSwiftUpdateCheck = 0830;
				LastUpgradeCheck = 0830;
				ORGANIZATIONNAME = "Rudy Bermudez";
				TargetAttributes = {
					47D8180B1EB6CD5D00948CF0 = {
						CreatedOnToolsVersion = 8.3.2;
						DevelopmentTeam = NZ8449Y9W6;
						ProvisioningStyle = Automatic;
					};
				};
			};
			buildConfigurationList = 47D818071EB6CD5D00948CF0 /* Build configuration list for PBXProject "Health Care Near Me" */;
			compatibilityVersion = "Xcode 3.2";
			developmentRegion = English;
			hasScannedForEncodings = 0;
			knownRegions = (
				en,
				Base,
			);
			mainGroup = 47D818031EB6CD5D00948CF0;
			productRefGroup = 47D8180D1EB6CD5D00948CF0 /* Products */;
			projectDirPath = "";
			projectRoot = "";
			targets = (
				47D8180B1EB6CD5D00948CF0 /* Health Care Near Me */,
			);
		};
/* End PBXProject section */

/* Begin PBXResourcesBuildPhase section */
		47D8180A1EB6CD5D00948CF0 /* Resources */ = {
			isa = PBXResourcesBuildPhase;
			buildActionMask = 2147483647;
			files = (
				47D8181A1EB6CD5D00948CF0 /* LaunchScreen.storyboard in Resources */,
				47D818171EB6CD5D00948CF0 /* Assets.xcassets in Resources */,
				47D818151EB6CD5D00948CF0 /* Main.storyboard in Resources */,
			);
			runOnlyForDeploymentPostprocessing = 0;
		};
/* End PBXResourcesBuildPhase section */

/* Begin PBXSourcesBuildPhase section */
		47D818081EB6CD5D00948CF0 /* Sources */ = {
			isa = PBXSourcesBuildPhase;
			buildActionMask = 2147483647;
			files = (
				47D818121EB6CD5D00948CF0 /* ViewController.swift in Sources */,
				47D818101EB6CD5D00948CF0 /* AppDelegate.swift in Sources */,
			);
			runOnlyForDeploymentPostprocessing = 0;
		};
/* End PBXSourcesBuildPhase section */

/* Begin PBXVariantGroup section */
		47D818131EB6CD5D00948CF0 /* Main.storyboard */ = {
			isa = PBXVariantGroup;
			children = (
				47D818141EB6CD5D00948CF0 /* Base */,
			);
			name = Main.storyboard;
			sourceTree = "<group>";
		};
		47D818181EB6CD5D00948CF0 /* LaunchScreen.storyboard */ = {
			isa = PBXVariantGroup;
			children = (
				47D818191EB6CD5D00948CF0 /* Base */,
			);
			name = LaunchScreen.storyboard;
			sourceTree = "<group>";
		};
/* End PBXVariantGroup section */

/* Begin XCBuildConfiguration section */
		47D8181C1EB6CD5D00948CF0 /* Debug */ = {
			isa = XCBuildConfiguration;
			buildSettings = {
				ALWAYS_SEARCH_USER_PATHS = NO;
				CLANG_ANALYZER_NONNULL = YES;
				CLANG_ANALYZER_NUMBER_OBJECT_CONVERSION = YES_AGGRESSIVE;
				CLANG_CXX_LANGUAGE_STANDARD = "gnu++0x";
				CLANG_CXX_LIBRARY = "libc++";
				CLANG_ENABLE_MODULES = YES;
				CLANG_ENABLE_OBJC_ARC = YES;
				CLANG_WARN_BOOL_CONVERSION = YES;
				CLANG_WARN_CONSTANT_CONVERSION = YES;
				CLANG_WARN_DIRECT_OBJC_ISA_USAGE = YES_ERROR;
				CLANG_WARN_DOCUMENTATION_COMMENTS = YES;
				CLANG_WARN_EMPTY_BODY = YES;
				CLANG_WARN_ENUM_CONVERSION = YES;
				CLANG_WARN_INFINITE_RECURSION = YES;
				CLANG_WARN_INT_CONVERSION = YES;
				CLANG_WARN_OBJC_ROOT_CLASS = YES_ERROR;
				CLANG_WARN_SUSPICIOUS_MOVE = YES;
				CLANG_WARN_UNREACHABLE_CODE = YES;
				CLANG_WARN__DUPLICATE_METHOD_MATCH = YES;
				"CODE_SIGN_IDENTITY[sdk=iphoneos*]" = "iPhone Developer";
				COPY_PHASE_STRIP = NO;
				DEBUG_INFORMATION_FORMAT = dwarf;
				ENABLE_STRICT_OBJC_MSGSEND = YES;
				ENABLE_TESTABILITY = YES;
				GCC_C_LANGUAGE_STANDARD = gnu99;
				GCC_DYNAMIC_NO_PIC = NO;
				GCC_NO_COMMON_BLOCKS = YES;
				GCC_OPTIMIZATION_LEVEL = 0;
				GCC_PREPROCESSOR_DEFINITIONS = (
					"DEBUG=1",
					"$(inherited)",
				);
				GCC_WARN_64_TO_32_BIT_CONVERSION = YES;
				GCC_WARN_ABOUT_RETURN_TYPE = YES_ERROR;
				GCC_WARN_UNDECLARED_SELECTOR = YES;
				GCC_WARN_UNINITIALIZED_AUTOS = YES_AGGRESSIVE;
				GCC_WARN_UNUSED_FUNCTION = YES;
				GCC_WARN_UNUSED_VARIABLE = YES;
				IPHONEOS_DEPLOYMENT_TARGET = 10.3;
				MTL_ENABLE_DEBUG_INFO = YES;
				ONLY_ACTIVE_ARCH = YES;
				SDKROOT = iphoneos;
				SWIFT_ACTIVE_COMPILATION_CONDITIONS = DEBUG;
				SWIFT_OPTIMIZATION_LEVEL = "-Onone";
				TARGETED_DEVICE_FAMILY = "1,2";
			};
			name = Debug;
		};
		47D8181D1EB6CD5D00948CF0 /* Release */ = {
			isa = XCBuildConfiguration;
			buildSettings = {
				ALWAYS_SEARCH_USER_PATHS = NO;
				CLANG_ANALYZER_NONNULL = YES;
				CLANG_ANALYZER_NUMBER_OBJECT_CONVERSION = YES_AGGRESSIVE;
				CLANG_CXX_LANGUAGE_STANDARD = "gnu++0x";
				CLANG_CXX_LIBRARY = "libc++";
				CLANG_ENABLE_MODULES = YES;
				CLANG_ENABLE_OBJC_ARC = YES;
				CLANG_WARN_BOOL_CONVERSION = YES;
				CLANG_WARN_CONSTANT_CONVERSION = YES;
				CLANG_WARN_DIRECT_OBJC_ISA_USAGE = YES_ERROR;
				CLANG_WARN_DOCUMENTATION_COMMENTS = YES;
				CLANG_WARN_EMPTY_BODY = YES;
				CLANG_WARN_ENUM_CONVERSION = YES;
				CLANG_WARN_INFINITE_RECURSION = YES;
				CLANG_WARN_INT_CONVERSION = YES;
				CLANG_WARN_OBJC_ROOT_CLASS = YES_ERROR;
				CLANG_WARN_SUSPICIOUS_MOVE = YES;
				CLANG_WARN_UNREACHABLE_CODE = YES;
				CLANG_WARN__DUPLICATE_METHOD_MATCH = YES;
				"CODE_SIGN_IDENTITY[sdk=iphoneos*]" = "iPhone Developer";
				COPY_PHASE_STRIP = NO;
				DEBUG_INFORMATION_FORMAT = "dwarf-with-dsym";
				ENABLE_NS_ASSERTIONS = NO;
				ENABLE_STRICT_OBJC_MSGSEND = YES;
				GCC_C_LANGUAGE_STANDARD = gnu99;
				GCC_NO_COMMON_BLOCKS = YES;
				GCC_WARN_64_TO_32_BIT_CONVERSION = YES;
				GCC_WARN_ABOUT_RETURN_TYPE = YES_ERROR;
				GCC_WARN_UNDECLARED_SELECTOR = YES;
				GCC_WARN_UNINITIALIZED_AUTOS = YES_AGGRESSIVE;
				GCC_WARN_UNUSED_FUNCTION = YES;
				GCC_WARN_UNUSED_VARIABLE = YES;
				IPHONEOS_DEPLOYMENT_TARGET = 10.3;
				MTL_ENABLE_DEBUG_INFO = NO;
				SDKROOT = iphoneos;
				SWIFT_OPTIMIZATION_LEVEL = "-Owholemodule";
				TARGETED_DEVICE_FAMILY = "1,2";
				VALIDATE_PRODUCT = YES;
			};
			name = Release;
		};
		47D8181F1EB6CD5D00948CF0 /* Debug */ = {
			isa = XCBuildConfiguration;
			buildSettings = {
				ASSETCATALOG_COMPILER_APPICON_NAME = AppIcon;
				DEVELOPMENT_TEAM = NZ8449Y9W6;
				INFOPLIST_FILE = "Health Care Near Me/Info.plist";
				LD_RUNPATH_SEARCH_PATHS = "$(inherited) @executable_path/Frameworks";
				PRODUCT_BUNDLE_IDENTIFIER = "co.rudybermudez.Health-Care-Near-Me";
				PRODUCT_NAME = "$(TARGET_NAME)";
				SWIFT_VERSION = 3.0;
			};
			name = Debug;
		};
		47D818201EB6CD5D00948CF0 /* Release */ = {
			isa = XCBuildConfiguration;
			buildSettings = {
				ASSETCATALOG_COMPILER_APPICON_NAME = AppIcon;
				DEVELOPMENT_TEAM = NZ8449Y9W6;
				INFOPLIST_FILE = "Health Care Near Me/Info.plist";
				LD_RUNPATH_SEARCH_PATHS = "$(inherited) @executable_path/Frameworks";
				PRODUCT_BUNDLE_IDENTIFIER = "co.rudybermudez.Health-Care-Near-Me";
				PRODUCT_NAME = "$(TARGET_NAME)";
				SWIFT_VERSION = 3.0;
			};
			name = Release;
		};
/* End XCBuildConfiguration section */

/* Begin XCConfigurationList section */
		47D818071EB6CD5D00948CF0 /* Build configuration list for PBXProject "Health Care Near Me" */ = {
			isa = XCConfigurationList;
			buildConfigurations = (
				47D8181C1EB6CD5D00948CF0 /* Debug */,
				47D8181D1EB6CD5D00948CF0 /* Release */,
			);
			defaultConfigurationIsVisible = 0;
			defaultConfigurationName = Release;
		};
		47D8181E1EB6CD5D00948CF0 /* Build configuration list for PBXNativeTarget "Health Care Near Me" */ = {
			isa = XCConfigurationList;
			buildConfigurations = (
				47D8181F1EB6CD5D00948CF0 /* Debug */,
				47D818201EB6CD5D00948CF0 /* Release */,
			);
			defaultConfigurationIsVisible = 0;
		};
/* End XCConfigurationList section */
	};
	rootObject = 47D818041EB6CD5D00948CF0 /* Project object */;
}
